
Microsoft Visual Studio Solution File, Format Version 12.00
# Visual Studio Version 16
VisualStudioVersion = 16.0.31313.79
MinimumVisualStudioVersion = 10.0.40219.1
Project("{FAE04EC0-301F-11D3-BF4B-00C04F79EFBC}") = "AndroidMic", "AndroidMic.csproj", "{35F8D2FF-C2D0-409B-BB6B-1969B87C8688}"
EndProject
Project("{FAE04EC0-301F-11D3-BF4B-00C04F79EFBC}") = "Experimental", "..\Experimental\Experimental.csproj", "{E59CDF57-78AD-4F54-AA48-7F75E5F5D659}"
EndProject
Global
	GlobalSection(SolutionConfigurationPlatforms) = preSolution
		Debug|Any CPU = Debug|Any CPU
		Debug|x64 = Debug|x64
		Debug|x86 = Debug|x86
		Release|Any CPU = Release|Any CPU
		Release|x64 = Release|x64
		Release|x86 = Release|x86
	EndGlobalSection
	GlobalSection(ProjectConfigurationPlatforms) = postSolution
		{35F8D2FF-C2D0-409B-BB6B-1969B87C8688}.Debug|Any CPU.ActiveCfg = Debug|Any CPU
		{35F8D2FF-C2D0-409B-BB6B-1969B87C8688}.Debug|Any CPU.Build.0 = Debug|Any CPU
		{35F8D2FF-C2D0-409B-BB6B-1969B87C8688}.Debug|x64.ActiveCfg = Debug|Any CPU
		{35F8D2FF-C2D0-409B-BB6B-1969B87C8688}.Debug|x64.Build.0 = Debug|Any CPU
		{35F8D2FF-C2D0-409B-BB6B-1969B87C8688}.Debug|x86.ActiveCfg = Debug|Any CPU
		{35F8D2FF-C2D0-409B-BB6B-1969B87C8688}.Debug|x86.Build.0 = Debug|Any CPU
		{35F8D2FF-C2D0-409B-BB6B-1969B87C8688}.Release|Any CPU.ActiveCfg = Release|Any CPU
		{35F8D2FF-C2D0-409B-BB6B-1969B87C8688}.Release|Any CPU.Build.0 = Release|Any CPU
		{35F8D2FF-C2D0-409B-BB6B-1969B87C8688}.Release|x64.ActiveCfg = Release|Any CPU
		{35F8D2FF-C2D0-409B-BB6B-1969B87C8688}.Release|x64.Build.0 = Release|Any CPU
		{35F8D2FF-C2D0-409B-BB6B-1969B87C8688}.Release|x86.ActiveCfg = Release|Any CPU
		{35F8D2FF-C2D0-409B-BB6B-1969B87C8688}.Release|x86.Build.0 = Release|Any CPU
		{E59CDF57-78AD-4F54-AA48-7F75E5F5D659}.Debug|Any CPU.ActiveCfg = Debug|Any CPU
		{E59CDF57-78AD-4F54-AA48-7F75E5F5D659}.Debug|Any CPU.Build.0 = Debug|Any CPU
		{E59CDF57-78AD-4F54-AA48-7F75E5F5D659}.Debug|x64.ActiveCfg = Debug|Any CPU
		{E59CDF57-78AD-4F54-AA48-7F75E5F5D659}.Debug|x64.Build.0 = Debug|Any CPU
		{E59CDF57-78AD-4F54-AA48-7F75E5F5D659}.Debug|x86.ActiveCfg = Debug|Any CPU
		{E59CDF57-78AD-4F54-AA48-7F75E5F5D659}.Debug|x86.Build.0 = Debug|Any CPU
		{E59CDF57-78AD-4F54-AA48-7F75E5F5D659}.Release|Any CPU.ActiveCfg = Release|Any CPU
		{E59CDF57-78AD-4F54-AA48-7F75E5F5D659}.Release|Any CPU.Build.0 = Release|Any CPU
		{E59CDF57-78AD-4F54-AA48-7F75E5F5D659}.Release|x64.ActiveCfg = Release|Any CPU
		{E59CDF57-78AD-4F54-AA48-7F75E5F5D659}.Release|x64.Build.0 = Release|Any CPU
		{E59CDF57-78AD-4F54-AA48-7F75E5F5D659}.Release|x86.ActiveCfg = Release|Any CPU
		{E59CDF57-78AD-4F54-AA48-7F75E5F5D659}.Release|x86.Build.0 = Release|Any CPU
	EndGlobalSection
	GlobalSection(SolutionProperties) = preSolution
		HideSolutionNode = FALSE
	EndGlobalSection
	GlobalSection(ExtensibilityGlobals) = postSolution
		SolutionGuid = {8456198F-BCC5-4CC6-A8B2-E4FD888F28E2}
	EndGlobalSection
EndGlobal
